
Microsoft Visual Studio Solution File, Format Version 12.00
# Visual Studio Version 17
VisualStudioVersion = 17.4.33213.308
MinimumVisualStudioVersion = 10.0.40219.1
Project("{2150E333-8FDC-42A3-9474-1A3956D46DE8}") = "SolutionItems", "SolutionItems", "{DB26A95C-FA42-4F31-BA72-DC0EE8F9D100}"
	ProjectSection(SolutionItems) = preProject
		SolutionItems\SqlSchemaCompare.scmp = SolutionItems\SqlSchemaCompare.scmp
	EndProjectSection
EndProject
Project("{00D1A9C2-B5F0-4AF3-8072-F6C62B433612}") = "metro_db", "metro\metro_db.sqlproj", "{B4BC5293-6E77-4BC7-99CC-6E255E023F16}"
EndProject
Global
	GlobalSection(SolutionConfigurationPlatforms) = preSolution
		Debug|Any CPU = Debug|Any CPU
		Release|Any CPU = Release|Any CPU
	EndGlobalSection
	GlobalSection(ProjectConfigurationPlatforms) = postSolution
		{B4BC5293-6E77-4BC7-99CC-6E255E023F16}.Debug|Any CPU.ActiveCfg = Debug|Any CPU
		{B4BC5293-6E77-4BC7-99CC-6E255E023F16}.Debug|Any CPU.Build.0 = Debug|Any CPU
		{B4BC5293-6E77-4BC7-99CC-6E255E023F16}.Debug|Any CPU.Deploy.0 = Debug|Any CPU
		{B4BC5293-6E77-4BC7-99CC-6E255E023F16}.Release|Any CPU.ActiveCfg = Release|Any CPU
		{B4BC5293-6E77-4BC7-99CC-6E255E023F16}.Release|Any CPU.Build.0 = Release|Any CPU
		{B4BC5293-6E77-4BC7-99CC-6E255E023F16}.Release|Any CPU.Deploy.0 = Release|Any CPU
	EndGlobalSection
	GlobalSection(SolutionProperties) = preSolution
		HideSolutionNode = FALSE
	EndGlobalSection
	GlobalSection(ExtensibilityGlobals) = postSolution
		SolutionGuid = {3D590CAA-9912-458A-A271-52BE00B228AB}
	EndGlobalSection
EndGlobal
